
Microsoft Visual Studio Solution File, Format Version 12.00
# Visual Studio 2015
Project("{FAE04EC0-301F-11D3-BF4B-00C04F79EFBC}") = "ScriptableObjectsAssetDatabase.CSharp", "ScriptableObjectsAssetDatabase.CSharp.csproj", "{7E97D291-7255-7EA6-CFFB-EC8E44D38D1B}"
EndProject
Project("{FAE04EC0-301F-11D3-BF4B-00C04F79EFBC}") = "ScriptableObjectsAssetDatabase.CSharp.Editor", "ScriptableObjectsAssetDatabase.CSharp.Editor.csproj", "{4387C908-C659-9104-E334-01EDC5068A79}"
EndProject
Global
	GlobalSection(SolutionConfigurationPlatforms) = preSolution
		Debug|Any CPU = Debug|Any CPU
		Release|Any CPU = Release|Any CPU
	EndGlobalSection
	GlobalSection(ProjectConfigurationPlatforms) = postSolution
		{7E97D291-7255-7EA6-CFFB-EC8E44D38D1B}.Debug|Any CPU.ActiveCfg = Debug|Any CPU
		{7E97D291-7255-7EA6-CFFB-EC8E44D38D1B}.Debug|Any CPU.Build.0 = Debug|Any CPU
		{7E97D291-7255-7EA6-CFFB-EC8E44D38D1B}.Release|Any CPU.ActiveCfg = Release|Any CPU
		{7E97D291-7255-7EA6-CFFB-EC8E44D38D1B}.Release|Any CPU.Build.0 = Release|Any CPU
		{4387C908-C659-9104-E334-01EDC5068A79}.Debug|Any CPU.ActiveCfg = Debug|Any CPU
		{4387C908-C659-9104-E334-01EDC5068A79}.Debug|Any CPU.Build.0 = Debug|Any CPU
		{4387C908-C659-9104-E334-01EDC5068A79}.Release|Any CPU.ActiveCfg = Release|Any CPU
		{4387C908-C659-9104-E334-01EDC5068A79}.Release|Any CPU.Build.0 = Release|Any CPU
	EndGlobalSection
	GlobalSection(SolutionProperties) = preSolution
		HideSolutionNode = FALSE
	EndGlobalSection
EndGlobal
